
Microsoft Visual Studio Solution File, Format Version 12.00
# Visual Studio Version 17
VisualStudioVersion = 17.8.34511.84
MinimumVisualStudioVersion = 10.0.40219.1
Project("{FAE04EC0-301F-11D3-BF4B-00C04F79EFBC}") = "Formulario", "Formulario.csproj", "{BD269EE3-78D1-44B2-87BA-F232327F9D9F}"
EndProject
Global
	GlobalSection(SolutionConfigurationPlatforms) = preSolution
		Debug|Any CPU = Debug|Any CPU
		Release|Any CPU = Release|Any CPU
	EndGlobalSection
	GlobalSection(ProjectConfigurationPlatforms) = postSolution
		{BD269EE3-78D1-44B2-87BA-F232327F9D9F}.Debug|Any CPU.ActiveCfg = Debug|Any CPU
		{BD269EE3-78D1-44B2-87BA-F232327F9D9F}.Debug|Any CPU.Build.0 = Debug|Any CPU
		{BD269EE3-78D1-44B2-87BA-F232327F9D9F}.Release|Any CPU.ActiveCfg = Release|Any CPU
		{BD269EE3-78D1-44B2-87BA-F232327F9D9F}.Release|Any CPU.Build.0 = Release|Any CPU
	EndGlobalSection
	GlobalSection(SolutionProperties) = preSolution
		HideSolutionNode = FALSE
	EndGlobalSection
	GlobalSection(ExtensibilityGlobals) = postSolution
		SolutionGuid = {69CD3966-F572-4B63-ADDC-624B120EBD3B}
	EndGlobalSection
EndGlobal
